
Microsoft Visual Studio Solution File, Format Version 12.00
# Visual Studio 14
VisualStudioVersion = 14.0.24720.0
MinimumVisualStudioVersion = 10.0.40219.1
Project("{FAE04EC0-301F-11D3-BF4B-00C04F79EFBC}") = "NewShore.APSP.Common", "NewShoer.APSP.Common\NewShore.APSP.Common.csproj", "{45728667-773B-469F-9C4E-F1D1E0F295A0}"
EndProject
Project("{FAE04EC0-301F-11D3-BF4B-00C04F79EFBC}") = "NewShore.APSP.DA", "NewShore.APSP.DA\NewShore.APSP.DA.csproj", "{4FAAADCB-3248-41FE-BF3A-B20F0993ADEB}"
EndProject
Project("{FAE04EC0-301F-11D3-BF4B-00C04F79EFBC}") = "NewShore.APSP.DATests", "NewShore.APSP.DATests\NewShore.APSP.DATests.csproj", "{5BC2BF05-14B6-474B-98D6-8294D7CC543B}"
EndProject
Project("{FAE04EC0-301F-11D3-BF4B-00C04F79EFBC}") = "APSPService", "APSPService\APSPService.csproj", "{1F083391-D624-49D9-88AD-E225DF1471F1}"
EndProject
Project("{FAE04EC0-301F-11D3-BF4B-00C04F79EFBC}") = "NewShore.APSP.Controller", "NewShore.APSP.Controller\NewShore.APSP.Controller.csproj", "{1CFD1607-7536-4537-8DEF-E3A2C5256987}"
EndProject
Project("{FAE04EC0-301F-11D3-BF4B-00C04F79EFBC}") = "APSPUI", "APSPUI\APSPUI.csproj", "{BB582ED5-0C4B-4C6A-8007-4D006F8C2E16}"
EndProject
Project("{FAE04EC0-301F-11D3-BF4B-00C04F79EFBC}") = "NewShore.APSP.CommonTests", "NewShore.APSP.CommonTests\NewShore.APSP.CommonTests.csproj", "{3DCBFCC3-3866-4E9E-985C-D6A92A0B600F}"
EndProject
Global
	GlobalSection(SolutionConfigurationPlatforms) = preSolution
		Debug|Any CPU = Debug|Any CPU
		Release|Any CPU = Release|Any CPU
	EndGlobalSection
	GlobalSection(ProjectConfigurationPlatforms) = postSolution
		{45728667-773B-469F-9C4E-F1D1E0F295A0}.Debug|Any CPU.ActiveCfg = Debug|Any CPU
		{45728667-773B-469F-9C4E-F1D1E0F295A0}.Debug|Any CPU.Build.0 = Debug|Any CPU
		{45728667-773B-469F-9C4E-F1D1E0F295A0}.Release|Any CPU.ActiveCfg = Release|Any CPU
		{45728667-773B-469F-9C4E-F1D1E0F295A0}.Release|Any CPU.Build.0 = Release|Any CPU
		{4FAAADCB-3248-41FE-BF3A-B20F0993ADEB}.Debug|Any CPU.ActiveCfg = Debug|Any CPU
		{4FAAADCB-3248-41FE-BF3A-B20F0993ADEB}.Debug|Any CPU.Build.0 = Debug|Any CPU
		{4FAAADCB-3248-41FE-BF3A-B20F0993ADEB}.Release|Any CPU.ActiveCfg = Release|Any CPU
		{4FAAADCB-3248-41FE-BF3A-B20F0993ADEB}.Release|Any CPU.Build.0 = Release|Any CPU
		{5BC2BF05-14B6-474B-98D6-8294D7CC543B}.Debug|Any CPU.ActiveCfg = Debug|Any CPU
		{5BC2BF05-14B6-474B-98D6-8294D7CC543B}.Debug|Any CPU.Build.0 = Debug|Any CPU
		{5BC2BF05-14B6-474B-98D6-8294D7CC543B}.Release|Any CPU.ActiveCfg = Release|Any CPU
		{5BC2BF05-14B6-474B-98D6-8294D7CC543B}.Release|Any CPU.Build.0 = Release|Any CPU
		{1F083391-D624-49D9-88AD-E225DF1471F1}.Debug|Any CPU.ActiveCfg = Debug|Any CPU
		{1F083391-D624-49D9-88AD-E225DF1471F1}.Debug|Any CPU.Build.0 = Debug|Any CPU
		{1F083391-D624-49D9-88AD-E225DF1471F1}.Release|Any CPU.ActiveCfg = Release|Any CPU
		{1F083391-D624-49D9-88AD-E225DF1471F1}.Release|Any CPU.Build.0 = Release|Any CPU
		{1CFD1607-7536-4537-8DEF-E3A2C5256987}.Debug|Any CPU.ActiveCfg = Debug|Any CPU
		{1CFD1607-7536-4537-8DEF-E3A2C5256987}.Debug|Any CPU.Build.0 = Debug|Any CPU
		{1CFD1607-7536-4537-8DEF-E3A2C5256987}.Release|Any CPU.ActiveCfg = Release|Any CPU
		{1CFD1607-7536-4537-8DEF-E3A2C5256987}.Release|Any CPU.Build.0 = Release|Any CPU
		{BB582ED5-0C4B-4C6A-8007-4D006F8C2E16}.Debug|Any CPU.ActiveCfg = Debug|Any CPU
		{BB582ED5-0C4B-4C6A-8007-4D006F8C2E16}.Debug|Any CPU.Build.0 = Debug|Any CPU
		{BB582ED5-0C4B-4C6A-8007-4D006F8C2E16}.Release|Any CPU.ActiveCfg = Release|Any CPU
		{BB582ED5-0C4B-4C6A-8007-4D006F8C2E16}.Release|Any CPU.Build.0 = Release|Any CPU
		{3DCBFCC3-3866-4E9E-985C-D6A92A0B600F}.Debug|Any CPU.ActiveCfg = Debug|Any CPU
		{3DCBFCC3-3866-4E9E-985C-D6A92A0B600F}.Debug|Any CPU.Build.0 = Debug|Any CPU
		{3DCBFCC3-3866-4E9E-985C-D6A92A0B600F}.Release|Any CPU.ActiveCfg = Release|Any CPU
		{3DCBFCC3-3866-4E9E-985C-D6A92A0B600F}.Release|Any CPU.Build.0 = Release|Any CPU
	EndGlobalSection
	GlobalSection(SolutionProperties) = preSolution
		HideSolutionNode = FALSE
	EndGlobalSection
EndGlobal
